// !$*UTF8*$!
{
	archiveVersion = 1;
	classes = {
	};
	objectVersion = 56;
	objects = {

/* Begin PBXBuildFile section */
		0105F9E59D5FB8A37852C587 /* libPods-MarketGo-MarketGoUITests.a in Frameworks */ = {isa = PBXBuildFile; fileRef = 725C5ED25F851D0B3E94785A /* libPods-MarketGo-MarketGoUITests.a */; };
		210861FC2A06AE0900EC3A60 /* Config.swift in Sources */ = {isa = PBXBuildFile; fileRef = 210861FB2A06AE0900EC3A60 /* Config.swift */; };
		210862002A06AF8F00EC3A60 /* FindPathView.swift in Sources */ = {isa = PBXBuildFile; fileRef = 210861FF2A06AF8F00EC3A60 /* FindPathView.swift */; };
		210862022A06D67900EC3A60 /* MapLinkView.swift in Sources */ = {isa = PBXBuildFile; fileRef = 210862012A06D67900EC3A60 /* MapLinkView.swift */; };
		211F53DB2A16A152003DA011 /* ImagePickerModel.swift in Sources */ = {isa = PBXBuildFile; fileRef = 211F53DA2A16A152003DA011 /* ImagePickerModel.swift */; };
		211F53DE2A17A57D003DA011 /* ImageUploader.swift in Sources */ = {isa = PBXBuildFile; fileRef = 211F53DD2A17A57D003DA011 /* ImageUploader.swift */; };
		211F53E02A17B3CB003DA011 /* StorePostViewModel.swift in Sources */ = {isa = PBXBuildFile; fileRef = 211F53DF2A17B3CB003DA011 /* StorePostViewModel.swift */; };
		211F53E22A17E6A5003DA011 /* SellerSignInViewModel.swift in Sources */ = {isa = PBXBuildFile; fileRef = 211F53E12A17E6A5003DA011 /* SellerSignInViewModel.swift */; };
		211F53E62A17F306003DA011 /* SellerTempView.swift in Sources */ = {isa = PBXBuildFile; fileRef = 211F53E52A17F306003DA011 /* SellerTempView.swift */; };
		2140BC5829D1CEBA00B78C6C /* Assets.xcassets in Resources */ = {isa = PBXBuildFile; fileRef = 2140BC5729D1CEBA00B78C6C /* Assets.xcassets */; };
		2140BC5B29D1CEBA00B78C6C /* Preview Assets.xcassets in Resources */ = {isa = PBXBuildFile; fileRef = 2140BC5A29D1CEBA00B78C6C /* Preview Assets.xcassets */; };
		2140BC6529D1CEBA00B78C6C /* MarketGoTests.swift in Sources */ = {isa = PBXBuildFile; fileRef = 2140BC6429D1CEBA00B78C6C /* MarketGoTests.swift */; };
		2140BC6F29D1CEBA00B78C6C /* MarketGoUITests.swift in Sources */ = {isa = PBXBuildFile; fileRef = 2140BC6E29D1CEBA00B78C6C /* MarketGoUITests.swift */; };
		2140BC7129D1CEBA00B78C6C /* MarketGoUITestsLaunchTests.swift in Sources */ = {isa = PBXBuildFile; fileRef = 2140BC7029D1CEBA00B78C6C /* MarketGoUITestsLaunchTests.swift */; };
		2140BC7E29D1CF7D00B78C6C /* Documentation.docc in Sources */ = {isa = PBXBuildFile; fileRef = 2140BC7D29D1CF7D00B78C6C /* Documentation.docc */; };
		2140BC9729D1CFD900B78C6C /* SearchViewModel.swift in Sources */ = {isa = PBXBuildFile; fileRef = 2140BC9629D1CFD900B78C6C /* SearchViewModel.swift */; };
		2140BC9929D1D01900B78C6C /* MarketGoApp.swift in Sources */ = {isa = PBXBuildFile; fileRef = 2140BC9829D1D01900B78C6C /* MarketGoApp.swift */; };
		21416B762A0BBEF9008EA3C5 /* SellerSignInView.swift in Sources */ = {isa = PBXBuildFile; fileRef = 21416B752A0BBEF9008EA3C5 /* SellerSignInView.swift */; };
		21416B7E2A0CF25F008EA3C5 /* MarketTableWrapper.swift in Sources */ = {isa = PBXBuildFile; fileRef = 21416B7D2A0CF25F008EA3C5 /* MarketTableWrapper.swift */; };
		21416B8C2A1025F0008EA3C5 /* SellerMarketChoiceView.swift in Sources */ = {isa = PBXBuildFile; fileRef = 21416B8B2A1025F0008EA3C5 /* SellerMarketChoiceView.swift */; };
		2144FE6B29DD69B5008913C4 /* ProfileImageView.swift in Sources */ = {isa = PBXBuildFile; fileRef = 2144FE6A29DD69B5008913C4 /* ProfileImageView.swift */; };
		2144FE6F29DD6A58008913C4 /* LocationModel.swift in Sources */ = {isa = PBXBuildFile; fileRef = 2144FE6E29DD6A58008913C4 /* LocationModel.swift */; };
		2144FE7129DD6A79008913C4 /* TopView.swift in Sources */ = {isa = PBXBuildFile; fileRef = 2144FE7029DD6A79008913C4 /* TopView.swift */; };
		2144FE7329DD6AAA008913C4 /* CartView.swift in Sources */ = {isa = PBXBuildFile; fileRef = 2144FE7229DD6AAA008913C4 /* CartView.swift */; };
		2144FE7529DD6AF6008913C4 /* SearchBar.swift in Sources */ = {isa = PBXBuildFile; fileRef = 2144FE7429DD6AF6008913C4 /* SearchBar.swift */; };
		2144FE7729DD6B11008913C4 /* MainView.swift in Sources */ = {isa = PBXBuildFile; fileRef = 2144FE7629DD6B11008913C4 /* MainView.swift */; };
		2144FE7929DD6B4F008913C4 /* MarketSearchView.swift in Sources */ = {isa = PBXBuildFile; fileRef = 2144FE7829DD6B4F008913C4 /* MarketSearchView.swift */; };
		2144FE7B29DD6B88008913C4 /* ShopView.swift in Sources */ = {isa = PBXBuildFile; fileRef = 2144FE7A29DD6B88008913C4 /* ShopView.swift */; };
		2144FE7E29DD6BCF008913C4 /* LocationManager.swift in Sources */ = {isa = PBXBuildFile; fileRef = 2144FE7D29DD6BCF008913C4 /* LocationManager.swift */; };
		2144FE8029DD6BEC008913C4 /* ParkingLotMapView.swift in Sources */ = {isa = PBXBuildFile; fileRef = 2144FE7F29DD6BEC008913C4 /* ParkingLotMapView.swift */; };
		21470AAE29FD0F7F00A7CEE7 /* EatingHouseView.swift in Sources */ = {isa = PBXBuildFile; fileRef = 21470AAD29FD0F7F00A7CEE7 /* EatingHouseView.swift */; };
		21470AB029FD0FFD00A7CEE7 /* EatingHouseMapView.swift in Sources */ = {isa = PBXBuildFile; fileRef = 21470AAF29FD0FFD00A7CEE7 /* EatingHouseMapView.swift */; };
		21470AB229FD125100A7CEE7 /* EatingHouseViewModel.swift in Sources */ = {isa = PBXBuildFile; fileRef = 21470AB129FD125100A7CEE7 /* EatingHouseViewModel.swift */; };
		21470AB429FD87E400A7CEE7 /* UITableViewWrapper.swift in Sources */ = {isa = PBXBuildFile; fileRef = 21470AB329FD87E400A7CEE7 /* UITableViewWrapper.swift */; };
		21470AB629FE588000A7CEE7 /* MarketViewModel.swift in Sources */ = {isa = PBXBuildFile; fileRef = 21470AB529FE588000A7CEE7 /* MarketViewModel.swift */; };
		21470AB829FE620100A7CEE7 /* MarketAPIModel.swift in Sources */ = {isa = PBXBuildFile; fileRef = 21470AB729FE620100A7CEE7 /* MarketAPIModel.swift */; };
		214871D22A055EDB00C6FD1D /* MarketOneModel.swift in Sources */ = {isa = PBXBuildFile; fileRef = 214871D12A055EDB00C6FD1D /* MarketOneModel.swift */; };
		214871D82A0685C300C6FD1D /* MarketListView.swift in Sources */ = {isa = PBXBuildFile; fileRef = 214871D72A0685C300C6FD1D /* MarketListView.swift */; };
		214871DA2A06894700C6FD1D /* MarketOneMapView.swift in Sources */ = {isa = PBXBuildFile; fileRef = 214871D92A06894700C6FD1D /* MarketOneMapView.swift */; };
		2150934129DEF1A40001C788 /* Alamofire in Frameworks */ = {isa = PBXBuildFile; productRef = 2150934029DEF1A40001C788 /* Alamofire */; };
		215A3D1129E9B31D00DCD0B0 /* MarketMapView.swift in Sources */ = {isa = PBXBuildFile; fileRef = 215A3D1029E9B31D00DCD0B0 /* MarketMapView.swift */; };
		217354B129DD727D008FDF56 /* MarketChoicePickerView.swift in Sources */ = {isa = PBXBuildFile; fileRef = 217354B029DD727D008FDF56 /* MarketChoicePickerView.swift */; };
		2181EDD82A125E9F00B879B2 /* SellerMarketChoiceViewModel.swift in Sources */ = {isa = PBXBuildFile; fileRef = 2181EDD72A125E9F00B879B2 /* SellerMarketChoiceViewModel.swift */; };
		2181EDDA2A127E8300B879B2 /* HomeView.swift in Sources */ = {isa = PBXBuildFile; fileRef = 2181EDD92A127E8300B879B2 /* HomeView.swift */; };
		2188126429E96F4700F315EF /* ParkingLotViewModel.swift in Sources */ = {isa = PBXBuildFile; fileRef = 2188126329E96F4700F315EF /* ParkingLotViewModel.swift */; };
		2188126629E972ED00F315EF /* ParkingLotView.swift in Sources */ = {isa = PBXBuildFile; fileRef = 2188126529E972ED00F315EF /* ParkingLotView.swift */; };
		21D0068A2A13BBDC00C404C3 /* SellerSignUpViewModel.swift in Sources */ = {isa = PBXBuildFile; fileRef = 21D006892A13BBDC00C404C3 /* SellerSignUpViewModel.swift */; };
		21D006922A15047100C404C3 /* UserSignUpView.swift in Sources */ = {isa = PBXBuildFile; fileRef = 21D006912A15047100C404C3 /* UserSignUpView.swift */; };
		21D006942A15057E00C404C3 /* ImageUploadView.swift in Sources */ = {isa = PBXBuildFile; fileRef = 21D006932A15057E00C404C3 /* ImageUploadView.swift */; };
		21D006962A15300200C404C3 /* StoreInfoWrite.swift in Sources */ = {isa = PBXBuildFile; fileRef = 21D006952A15300200C404C3 /* StoreInfoWrite.swift */; };
		21D006982A15DB9200C404C3 /* StoreEnrollView.swift in Sources */ = {isa = PBXBuildFile; fileRef = 21D006972A15DB9200C404C3 /* StoreEnrollView.swift */; };
		21F1C9BD29DD69870022113A /* MarketInfoView.swift in Sources */ = {isa = PBXBuildFile; fileRef = 21F1C9BC29DD69870022113A /* MarketInfoView.swift */; };
		21FAE1D52A0AA3F7006593D9 /* GoogleService-Info.plist in Resources */ = {isa = PBXBuildFile; fileRef = 21FAE1D42A0AA3F7006593D9 /* GoogleService-Info.plist */; };
		21FAE1D82A0AA422006593D9 /* FirebaseAnalytics in Frameworks */ = {isa = PBXBuildFile; productRef = 21FAE1D72A0AA422006593D9 /* FirebaseAnalytics */; };
		21FAE1DA2A0AA422006593D9 /* FirebaseAuth in Frameworks */ = {isa = PBXBuildFile; productRef = 21FAE1D92A0AA422006593D9 /* FirebaseAuth */; };
		21FAE1DC2A0AA468006593D9 /* AppDelegateAdaptor.swift in Sources */ = {isa = PBXBuildFile; fileRef = 21FAE1DB2A0AA468006593D9 /* AppDelegateAdaptor.swift */; };
		21FAE1DE2A0AA49D006593D9 /* UserSignUpViewModel.swift in Sources */ = {isa = PBXBuildFile; fileRef = 21FAE1DD2A0AA49D006593D9 /* UserSignUpViewModel.swift */; };
		21FAE1E62A0AA787006593D9 /* SignInView.swift in Sources */ = {isa = PBXBuildFile; fileRef = 21FAE1E52A0AA787006593D9 /* SignInView.swift */; };
		21FAE1E82A0AA7A2006593D9 /* UserSiginInViewModel.swift in Sources */ = {isa = PBXBuildFile; fileRef = 21FAE1E72A0AA7A2006593D9 /* UserSiginInViewModel.swift */; };
		21FAE1EA2A0AC0AF006593D9 /* ProfileView.swift in Sources */ = {isa = PBXBuildFile; fileRef = 21FAE1E92A0AC0AF006593D9 /* ProfileView.swift */; };
		21FAE1EC2A0AC2A6006593D9 /* EditProfileView.swift in Sources */ = {isa = PBXBuildFile; fileRef = 21FAE1EB2A0AC2A6006593D9 /* EditProfileView.swift */; };
		21FAE1EE2A0B65EC006593D9 /* SellerSignUpView.swift in Sources */ = {isa = PBXBuildFile; fileRef = 21FAE1ED2A0B65EC006593D9 /* SellerSignUpView.swift */; };
		21FAE1F22A0BB829006593D9 /* UserSignInView.swift in Sources */ = {isa = PBXBuildFile; fileRef = 21FAE1F12A0BB829006593D9 /* UserSignInView.swift */; };
		990D2C9729E23678002ED379 /* MenuItemRow.swift in Sources */ = {isa = PBXBuildFile; fileRef = 990D2C9629E23678002ED379 /* MenuItemRow.swift */; };
		993AD3A52A0A72500069A27F /* ContentView.swift in Sources */ = {isa = PBXBuildFile; fileRef = 993AD3A42A0A72500069A27F /* ContentView.swift */; };
		993AF1C529DE474F00031A7B /* StoreView.swift in Sources */ = {isa = PBXBuildFile; fileRef = 993AF1C429DE474F00031A7B /* StoreView.swift */; };
		994979BF2A11999D00159828 /* GoodsJASON.swift in Sources */ = {isa = PBXBuildFile; fileRef = 994979BE2A11999D00159828 /* GoodsJASON.swift */; };
		994979C12A119A5100159828 /* StoreJASON.swift in Sources */ = {isa = PBXBuildFile; fileRef = 994979C02A119A5100159828 /* StoreJASON.swift */; };
		994979C32A119ADE00159828 /* URLImage.swift in Sources */ = {isa = PBXBuildFile; fileRef = 994979C22A119ADE00159828 /* URLImage.swift */; };
		994979C52A12681A00159828 /* MenuView.swift in Sources */ = {isa = PBXBuildFile; fileRef = 994979C42A12681A00159828 /* MenuView.swift */; };
		994979C72A12700E00159828 /* CartJASON.swift in Sources */ = {isa = PBXBuildFile; fileRef = 994979C62A12700E00159828 /* CartJASON.swift */; };
		994B17C52A023653009B77E8 /* ReviewView.swift in Sources */ = {isa = PBXBuildFile; fileRef = 994B17C42A023653009B77E8 /* ReviewView.swift */; };
		998843BE2A04DD5000132079 /* MemberModel.swift in Sources */ = {isa = PBXBuildFile; fileRef = 998843BD2A04DD5000132079 /* MemberModel.swift */; };
		998843C02A04DE8700132079 /* UserMypageView.swift in Sources */ = {isa = PBXBuildFile; fileRef = 998843BF2A04DE8700132079 /* UserMypageView.swift */; };
		998843C22A04F76800132079 /* StoreListView.swift in Sources */ = {isa = PBXBuildFile; fileRef = 998843C12A04F76800132079 /* StoreListView.swift */; };
		998843C42A05035D00132079 /* FoodItemListView.swift in Sources */ = {isa = PBXBuildFile; fileRef = 998843C32A05035D00132079 /* FoodItemListView.swift */; };
		998BFBC32A0DCC1F005F4652 /* TestView.swift in Sources */ = {isa = PBXBuildFile; fileRef = 998BFBC22A0DCC1F005F4652 /* TestView.swift */; };
		998BFBC52A0DD01C005F4652 /* CategoryView.swift in Sources */ = {isa = PBXBuildFile; fileRef = 998BFBC42A0DD01C005F4652 /* CategoryView.swift */; };
		99926D092A03419F00071E3C /* StoreReviewListView.swift in Sources */ = {isa = PBXBuildFile; fileRef = 99926D082A03419F00071E3C /* StoreReviewListView.swift */; };
		99B1697F2A14D651007FC25F /* StoreReviewJASON.swift in Sources */ = {isa = PBXBuildFile; fileRef = 99B1697E2A14D651007FC25F /* StoreReviewJASON.swift */; };
		99CD749429DD904600D2D782 /* FoodItemCell.swift in Sources */ = {isa = PBXBuildFile; fileRef = 99CD749329DD904600D2D782 /* FoodItemCell.swift */; };
		99CD749629DD95D100D2D782 /* ProductTopView.swift in Sources */ = {isa = PBXBuildFile; fileRef = 99CD749529DD95D100D2D782 /* ProductTopView.swift */; };
		99CD749829DD97B300D2D782 /* FoodItemDetailView.swift in Sources */ = {isa = PBXBuildFile; fileRef = 99CD749729DD97B300D2D782 /* FoodItemDetailView.swift */; };
		99F02DDE2A17522200D827CD /* RemoteImage.swift in Sources */ = {isa = PBXBuildFile; fileRef = 99F02DDD2A17522200D827CD /* RemoteImage.swift */; };
		99F02DE02A175C6B00D827CD /* MarketReviewJASON.swift in Sources */ = {isa = PBXBuildFile; fileRef = 99F02DDF2A175C6B00D827CD /* MarketReviewJASON.swift */; };
		AEC6AFE4A57CD1E7E1E0B310 /* libPods-MarketGo.a in Frameworks */ = {isa = PBXBuildFile; fileRef = 0BD43796E872DF5BD291D948 /* libPods-MarketGo.a */; };
		C1321C8DB9C9AD70C80B8978 /* libPods-MarketGoTests.a in Frameworks */ = {isa = PBXBuildFile; fileRef = B49E4FE25A39961E0AD6073F /* libPods-MarketGoTests.a */; };
/* End PBXBuildFile section */

/* Begin PBXContainerItemProxy section */
		2140BC6129D1CEBA00B78C6C /* PBXContainerItemProxy */ = {
			isa = PBXContainerItemProxy;
			containerPortal = 2140BC4829D1CEB900B78C6C /* Project object */;
			proxyType = 1;
			remoteGlobalIDString = 2140BC4F29D1CEB900B78C6C;
			remoteInfo = MarketGo;
		};
		2140BC6B29D1CEBA00B78C6C /* PBXContainerItemProxy */ = {
			isa = PBXContainerItemProxy;
			containerPortal = 2140BC4829D1CEB900B78C6C /* Project object */;
			proxyType = 1;
			remoteGlobalIDString = 2140BC4F29D1CEB900B78C6C;
			remoteInfo = MarketGo;
		};
/* End PBXContainerItemProxy section */

/* Begin PBXFileReference section */
		0BD43796E872DF5BD291D948 /* libPods-MarketGo.a */ = {isa = PBXFileReference; explicitFileType = archive.ar; includeInIndex = 0; path = "libPods-MarketGo.a"; sourceTree = BUILT_PRODUCTS_DIR; };
		210861FB2A06AE0900EC3A60 /* Config.swift */ = {isa = PBXFileReference; lastKnownFileType = sourcecode.swift; path = Config.swift; sourceTree = "<group>"; };
		210861FF2A06AF8F00EC3A60 /* FindPathView.swift */ = {isa = PBXFileReference; lastKnownFileType = sourcecode.swift; path = FindPathView.swift; sourceTree = "<group>"; };
		210862012A06D67900EC3A60 /* MapLinkView.swift */ = {isa = PBXFileReference; lastKnownFileType = sourcecode.swift; path = MapLinkView.swift; sourceTree = "<group>"; };
		211F53DA2A16A152003DA011 /* ImagePickerModel.swift */ = {isa = PBXFileReference; lastKnownFileType = sourcecode.swift; path = ImagePickerModel.swift; sourceTree = "<group>"; };
		211F53DD2A17A57D003DA011 /* ImageUploader.swift */ = {isa = PBXFileReference; lastKnownFileType = sourcecode.swift; path = ImageUploader.swift; sourceTree = "<group>"; };
		211F53DF2A17B3CB003DA011 /* StorePostViewModel.swift */ = {isa = PBXFileReference; lastKnownFileType = sourcecode.swift; path = StorePostViewModel.swift; sourceTree = "<group>"; };
		211F53E12A17E6A5003DA011 /* SellerSignInViewModel.swift */ = {isa = PBXFileReference; lastKnownFileType = sourcecode.swift; path = SellerSignInViewModel.swift; sourceTree = "<group>"; };
		211F53E52A17F306003DA011 /* SellerTempView.swift */ = {isa = PBXFileReference; lastKnownFileType = sourcecode.swift; path = SellerTempView.swift; sourceTree = "<group>"; };
		2140BC5029D1CEB900B78C6C /* MarketGo.app */ = {isa = PBXFileReference; explicitFileType = wrapper.application; includeInIndex = 0; path = MarketGo.app; sourceTree = BUILT_PRODUCTS_DIR; };
		2140BC5729D1CEBA00B78C6C /* Assets.xcassets */ = {isa = PBXFileReference; lastKnownFileType = folder.assetcatalog; path = Assets.xcassets; sourceTree = "<group>"; };
		2140BC5A29D1CEBA00B78C6C /* Preview Assets.xcassets */ = {isa = PBXFileReference; lastKnownFileType = folder.assetcatalog; path = "Preview Assets.xcassets"; sourceTree = "<group>"; };
		2140BC6029D1CEBA00B78C6C /* MarketGoTests.xctest */ = {isa = PBXFileReference; explicitFileType = wrapper.cfbundle; includeInIndex = 0; path = MarketGoTests.xctest; sourceTree = BUILT_PRODUCTS_DIR; };
		2140BC6429D1CEBA00B78C6C /* MarketGoTests.swift */ = {isa = PBXFileReference; lastKnownFileType = sourcecode.swift; path = MarketGoTests.swift; sourceTree = "<group>"; };
		2140BC6A29D1CEBA00B78C6C /* MarketGoUITests.xctest */ = {isa = PBXFileReference; explicitFileType = wrapper.cfbundle; includeInIndex = 0; path = MarketGoUITests.xctest; sourceTree = BUILT_PRODUCTS_DIR; };
		2140BC6E29D1CEBA00B78C6C /* MarketGoUITests.swift */ = {isa = PBXFileReference; lastKnownFileType = sourcecode.swift; path = MarketGoUITests.swift; sourceTree = "<group>"; };
		2140BC7029D1CEBA00B78C6C /* MarketGoUITestsLaunchTests.swift */ = {isa = PBXFileReference; lastKnownFileType = sourcecode.swift; path = MarketGoUITestsLaunchTests.swift; sourceTree = "<group>"; };
		2140BC7D29D1CF7D00B78C6C /* Documentation.docc */ = {isa = PBXFileReference; lastKnownFileType = folder.documentationcatalog; path = Documentation.docc; sourceTree = "<group>"; };
		2140BC9629D1CFD900B78C6C /* SearchViewModel.swift */ = {isa = PBXFileReference; fileEncoding = 4; lastKnownFileType = sourcecode.swift; path = SearchViewModel.swift; sourceTree = "<group>"; };
		2140BC9829D1D01900B78C6C /* MarketGoApp.swift */ = {isa = PBXFileReference; fileEncoding = 4; lastKnownFileType = sourcecode.swift; path = MarketGoApp.swift; sourceTree = "<group>"; };
		21416B752A0BBEF9008EA3C5 /* SellerSignInView.swift */ = {isa = PBXFileReference; lastKnownFileType = sourcecode.swift; path = SellerSignInView.swift; sourceTree = "<group>"; };
		21416B7D2A0CF25F008EA3C5 /* MarketTableWrapper.swift */ = {isa = PBXFileReference; lastKnownFileType = sourcecode.swift; path = MarketTableWrapper.swift; sourceTree = "<group>"; };
		21416B8B2A1025F0008EA3C5 /* SellerMarketChoiceView.swift */ = {isa = PBXFileReference; lastKnownFileType = sourcecode.swift; path = SellerMarketChoiceView.swift; sourceTree = "<group>"; };
		2144FE6A29DD69B5008913C4 /* ProfileImageView.swift */ = {isa = PBXFileReference; lastKnownFileType = sourcecode.swift; path = ProfileImageView.swift; sourceTree = "<group>"; };
		2144FE6E29DD6A58008913C4 /* LocationModel.swift */ = {isa = PBXFileReference; lastKnownFileType = sourcecode.swift; path = LocationModel.swift; sourceTree = "<group>"; };
		2144FE7029DD6A79008913C4 /* TopView.swift */ = {isa = PBXFileReference; lastKnownFileType = sourcecode.swift; path = TopView.swift; sourceTree = "<group>"; };
		2144FE7229DD6AAA008913C4 /* CartView.swift */ = {isa = PBXFileReference; lastKnownFileType = sourcecode.swift; path = CartView.swift; sourceTree = "<group>"; };
		2144FE7429DD6AF6008913C4 /* SearchBar.swift */ = {isa = PBXFileReference; lastKnownFileType = sourcecode.swift; path = SearchBar.swift; sourceTree = "<group>"; };
		2144FE7629DD6B11008913C4 /* MainView.swift */ = {isa = PBXFileReference; lastKnownFileType = sourcecode.swift; path = MainView.swift; sourceTree = "<group>"; };
		2144FE7829DD6B4F008913C4 /* MarketSearchView.swift */ = {isa = PBXFileReference; lastKnownFileType = sourcecode.swift; path = MarketSearchView.swift; sourceTree = "<group>"; };
		2144FE7A29DD6B88008913C4 /* ShopView.swift */ = {isa = PBXFileReference; lastKnownFileType = sourcecode.swift; path = ShopView.swift; sourceTree = "<group>"; };
		2144FE7D29DD6BCF008913C4 /* LocationManager.swift */ = {isa = PBXFileReference; lastKnownFileType = sourcecode.swift; path = LocationManager.swift; sourceTree = "<group>"; };
		2144FE7F29DD6BEC008913C4 /* ParkingLotMapView.swift */ = {isa = PBXFileReference; lastKnownFileType = sourcecode.swift; path = ParkingLotMapView.swift; sourceTree = "<group>"; };
		21470AAD29FD0F7F00A7CEE7 /* EatingHouseView.swift */ = {isa = PBXFileReference; lastKnownFileType = sourcecode.swift; path = EatingHouseView.swift; sourceTree = "<group>"; };
		21470AAF29FD0FFD00A7CEE7 /* EatingHouseMapView.swift */ = {isa = PBXFileReference; lastKnownFileType = sourcecode.swift; path = EatingHouseMapView.swift; sourceTree = "<group>"; };
		21470AB129FD125100A7CEE7 /* EatingHouseViewModel.swift */ = {isa = PBXFileReference; lastKnownFileType = sourcecode.swift; path = EatingHouseViewModel.swift; sourceTree = "<group>"; };
		21470AB329FD87E400A7CEE7 /* UITableViewWrapper.swift */ = {isa = PBXFileReference; lastKnownFileType = sourcecode.swift; path = UITableViewWrapper.swift; sourceTree = "<group>"; };
		21470AB529FE588000A7CEE7 /* MarketViewModel.swift */ = {isa = PBXFileReference; lastKnownFileType = sourcecode.swift; path = MarketViewModel.swift; sourceTree = "<group>"; };
		21470AB729FE620100A7CEE7 /* MarketAPIModel.swift */ = {isa = PBXFileReference; lastKnownFileType = sourcecode.swift; path = MarketAPIModel.swift; sourceTree = "<group>"; };
		214871D12A055EDB00C6FD1D /* MarketOneModel.swift */ = {isa = PBXFileReference; lastKnownFileType = sourcecode.swift; path = MarketOneModel.swift; sourceTree = "<group>"; };
		214871D72A0685C300C6FD1D /* MarketListView.swift */ = {isa = PBXFileReference; lastKnownFileType = sourcecode.swift; path = MarketListView.swift; sourceTree = "<group>"; };
		214871D92A06894700C6FD1D /* MarketOneMapView.swift */ = {isa = PBXFileReference; lastKnownFileType = sourcecode.swift; path = MarketOneMapView.swift; sourceTree = "<group>"; };
		215A3D1029E9B31D00DCD0B0 /* MarketMapView.swift */ = {isa = PBXFileReference; lastKnownFileType = sourcecode.swift; path = MarketMapView.swift; sourceTree = "<group>"; };
		217354B029DD727D008FDF56 /* MarketChoicePickerView.swift */ = {isa = PBXFileReference; lastKnownFileType = sourcecode.swift; path = MarketChoicePickerView.swift; sourceTree = "<group>"; };
		2181EDD72A125E9F00B879B2 /* SellerMarketChoiceViewModel.swift */ = {isa = PBXFileReference; lastKnownFileType = sourcecode.swift; path = SellerMarketChoiceViewModel.swift; sourceTree = "<group>"; };
		2181EDD92A127E8300B879B2 /* HomeView.swift */ = {isa = PBXFileReference; lastKnownFileType = sourcecode.swift; path = HomeView.swift; sourceTree = "<group>"; };
		2188126329E96F4700F315EF /* ParkingLotViewModel.swift */ = {isa = PBXFileReference; lastKnownFileType = sourcecode.swift; path = ParkingLotViewModel.swift; sourceTree = "<group>"; };
		2188126529E972ED00F315EF /* ParkingLotView.swift */ = {isa = PBXFileReference; lastKnownFileType = sourcecode.swift; path = ParkingLotView.swift; sourceTree = "<group>"; };
		2198B6DE943CEFFEB56B33D7 /* Pods-MarketGo-MarketGoUITests.debug.xcconfig */ = {isa = PBXFileReference; includeInIndex = 1; lastKnownFileType = text.xcconfig; name = "Pods-MarketGo-MarketGoUITests.debug.xcconfig"; path = "Target Support Files/Pods-MarketGo-MarketGoUITests/Pods-MarketGo-MarketGoUITests.debug.xcconfig"; sourceTree = "<group>"; };
		21D006892A13BBDC00C404C3 /* SellerSignUpViewModel.swift */ = {isa = PBXFileReference; lastKnownFileType = sourcecode.swift; path = SellerSignUpViewModel.swift; sourceTree = "<group>"; };
		21D006912A15047100C404C3 /* UserSignUpView.swift */ = {isa = PBXFileReference; lastKnownFileType = sourcecode.swift; path = UserSignUpView.swift; sourceTree = "<group>"; };
		21D006932A15057E00C404C3 /* ImageUploadView.swift */ = {isa = PBXFileReference; lastKnownFileType = sourcecode.swift; path = ImageUploadView.swift; sourceTree = "<group>"; };
		21D006952A15300200C404C3 /* StoreInfoWrite.swift */ = {isa = PBXFileReference; lastKnownFileType = sourcecode.swift; path = StoreInfoWrite.swift; sourceTree = "<group>"; };
		21D006972A15DB9200C404C3 /* StoreEnrollView.swift */ = {isa = PBXFileReference; lastKnownFileType = sourcecode.swift; path = StoreEnrollView.swift; sourceTree = "<group>"; };
		21E7A4B029D6D995009EB220 /* Info.plist */ = {isa = PBXFileReference; lastKnownFileType = text.plist; path = Info.plist; sourceTree = "<group>"; };
		21F1C9BC29DD69870022113A /* MarketInfoView.swift */ = {isa = PBXFileReference; lastKnownFileType = sourcecode.swift; path = MarketInfoView.swift; sourceTree = "<group>"; };
		21FAE1D42A0AA3F7006593D9 /* GoogleService-Info.plist */ = {isa = PBXFileReference; fileEncoding = 4; lastKnownFileType = text.plist.xml; path = "GoogleService-Info.plist"; sourceTree = "<group>"; };
		21FAE1DB2A0AA468006593D9 /* AppDelegateAdaptor.swift */ = {isa = PBXFileReference; lastKnownFileType = sourcecode.swift; path = AppDelegateAdaptor.swift; sourceTree = "<group>"; };
		21FAE1DD2A0AA49D006593D9 /* UserSignUpViewModel.swift */ = {isa = PBXFileReference; lastKnownFileType = sourcecode.swift; path = UserSignUpViewModel.swift; sourceTree = "<group>"; };
		21FAE1E52A0AA787006593D9 /* SignInView.swift */ = {isa = PBXFileReference; lastKnownFileType = sourcecode.swift; path = SignInView.swift; sourceTree = "<group>"; };
		21FAE1E72A0AA7A2006593D9 /* UserSiginInViewModel.swift */ = {isa = PBXFileReference; lastKnownFileType = sourcecode.swift; path = UserSiginInViewModel.swift; sourceTree = "<group>"; };
		21FAE1E92A0AC0AF006593D9 /* ProfileView.swift */ = {isa = PBXFileReference; lastKnownFileType = sourcecode.swift; path = ProfileView.swift; sourceTree = "<group>"; };
		21FAE1EB2A0AC2A6006593D9 /* EditProfileView.swift */ = {isa = PBXFileReference; lastKnownFileType = sourcecode.swift; path = EditProfileView.swift; sourceTree = "<group>"; };
		21FAE1ED2A0B65EC006593D9 /* SellerSignUpView.swift */ = {isa = PBXFileReference; lastKnownFileType = sourcecode.swift; path = SellerSignUpView.swift; sourceTree = "<group>"; };
		21FAE1F12A0BB829006593D9 /* UserSignInView.swift */ = {isa = PBXFileReference; lastKnownFileType = sourcecode.swift; path = UserSignInView.swift; sourceTree = "<group>"; };
		46694163AD73EB569AAEC2CD /* Pods-MarketGoTests.debug.xcconfig */ = {isa = PBXFileReference; includeInIndex = 1; lastKnownFileType = text.xcconfig; name = "Pods-MarketGoTests.debug.xcconfig"; path = "Target Support Files/Pods-MarketGoTests/Pods-MarketGoTests.debug.xcconfig"; sourceTree = "<group>"; };
		5CDF3197B9A79DF4BA138956 /* Pods-MarketGo.debug.xcconfig */ = {isa = PBXFileReference; includeInIndex = 1; lastKnownFileType = text.xcconfig; name = "Pods-MarketGo.debug.xcconfig"; path = "Target Support Files/Pods-MarketGo/Pods-MarketGo.debug.xcconfig"; sourceTree = "<group>"; };
		5F46EB407DB4F30F4ABA9195 /* Pods-MarketGo-MarketGoUITests.release.xcconfig */ = {isa = PBXFileReference; includeInIndex = 1; lastKnownFileType = text.xcconfig; name = "Pods-MarketGo-MarketGoUITests.release.xcconfig"; path = "Target Support Files/Pods-MarketGo-MarketGoUITests/Pods-MarketGo-MarketGoUITests.release.xcconfig"; sourceTree = "<group>"; };
		725C5ED25F851D0B3E94785A /* libPods-MarketGo-MarketGoUITests.a */ = {isa = PBXFileReference; explicitFileType = archive.ar; includeInIndex = 0; path = "libPods-MarketGo-MarketGoUITests.a"; sourceTree = BUILT_PRODUCTS_DIR; };
		990D2C9629E23678002ED379 /* MenuItemRow.swift */ = {isa = PBXFileReference; lastKnownFileType = sourcecode.swift; path = MenuItemRow.swift; sourceTree = "<group>"; };
		993AD3A42A0A72500069A27F /* ContentView.swift */ = {isa = PBXFileReference; lastKnownFileType = sourcecode.swift; path = ContentView.swift; sourceTree = "<group>"; };
		993AF1C429DE474F00031A7B /* StoreView.swift */ = {isa = PBXFileReference; lastKnownFileType = sourcecode.swift; path = StoreView.swift; sourceTree = "<group>"; };
		994979BE2A11999D00159828 /* GoodsJASON.swift */ = {isa = PBXFileReference; lastKnownFileType = sourcecode.swift; path = GoodsJASON.swift; sourceTree = "<group>"; };
		994979C02A119A5100159828 /* StoreJASON.swift */ = {isa = PBXFileReference; lastKnownFileType = sourcecode.swift; path = StoreJASON.swift; sourceTree = "<group>"; };
		994979C22A119ADE00159828 /* URLImage.swift */ = {isa = PBXFileReference; lastKnownFileType = sourcecode.swift; path = URLImage.swift; sourceTree = "<group>"; };
		994979C42A12681A00159828 /* MenuView.swift */ = {isa = PBXFileReference; lastKnownFileType = sourcecode.swift; path = MenuView.swift; sourceTree = "<group>"; };
		994979C62A12700E00159828 /* CartJASON.swift */ = {isa = PBXFileReference; lastKnownFileType = sourcecode.swift; path = CartJASON.swift; sourceTree = "<group>"; };
		994B17C42A023653009B77E8 /* ReviewView.swift */ = {isa = PBXFileReference; lastKnownFileType = sourcecode.swift; path = ReviewView.swift; sourceTree = "<group>"; };
		998843BD2A04DD5000132079 /* MemberModel.swift */ = {isa = PBXFileReference; lastKnownFileType = sourcecode.swift; path = MemberModel.swift; sourceTree = "<group>"; };
		998843BF2A04DE8700132079 /* UserMypageView.swift */ = {isa = PBXFileReference; lastKnownFileType = sourcecode.swift; path = UserMypageView.swift; sourceTree = "<group>"; };
		998843C12A04F76800132079 /* StoreListView.swift */ = {isa = PBXFileReference; lastKnownFileType = sourcecode.swift; path = StoreListView.swift; sourceTree = "<group>"; };
		998843C32A05035D00132079 /* FoodItemListView.swift */ = {isa = PBXFileReference; lastKnownFileType = sourcecode.swift; path = FoodItemListView.swift; sourceTree = "<group>"; };
		998BFBC22A0DCC1F005F4652 /* TestView.swift */ = {isa = PBXFileReference; lastKnownFileType = sourcecode.swift; path = TestView.swift; sourceTree = "<group>"; };
		998BFBC42A0DD01C005F4652 /* CategoryView.swift */ = {isa = PBXFileReference; lastKnownFileType = sourcecode.swift; path = CategoryView.swift; sourceTree = "<group>"; };
		99926D082A03419F00071E3C /* StoreReviewListView.swift */ = {isa = PBXFileReference; lastKnownFileType = sourcecode.swift; path = StoreReviewListView.swift; sourceTree = "<group>"; };
		99B1697E2A14D651007FC25F /* StoreReviewJASON.swift */ = {isa = PBXFileReference; lastKnownFileType = sourcecode.swift; path = StoreReviewJASON.swift; sourceTree = "<group>"; };
		99CD749329DD904600D2D782 /* FoodItemCell.swift */ = {isa = PBXFileReference; lastKnownFileType = sourcecode.swift; path = FoodItemCell.swift; sourceTree = "<group>"; };
		99CD749529DD95D100D2D782 /* ProductTopView.swift */ = {isa = PBXFileReference; lastKnownFileType = sourcecode.swift; path = ProductTopView.swift; sourceTree = "<group>"; };
		99CD749729DD97B300D2D782 /* FoodItemDetailView.swift */ = {isa = PBXFileReference; lastKnownFileType = sourcecode.swift; path = FoodItemDetailView.swift; sourceTree = "<group>"; };
		99F02DDD2A17522200D827CD /* RemoteImage.swift */ = {isa = PBXFileReference; lastKnownFileType = sourcecode.swift; path = RemoteImage.swift; sourceTree = "<group>"; };
		99F02DDF2A175C6B00D827CD /* MarketReviewJASON.swift */ = {isa = PBXFileReference; lastKnownFileType = sourcecode.swift; path = MarketReviewJASON.swift; sourceTree = "<group>"; };
		B49E4FE25A39961E0AD6073F /* libPods-MarketGoTests.a */ = {isa = PBXFileReference; explicitFileType = archive.ar; includeInIndex = 0; path = "libPods-MarketGoTests.a"; sourceTree = BUILT_PRODUCTS_DIR; };
		B8E1540A8396BD0BF889E2A7 /* Pods-MarketGo.release.xcconfig */ = {isa = PBXFileReference; includeInIndex = 1; lastKnownFileType = text.xcconfig; name = "Pods-MarketGo.release.xcconfig"; path = "Target Support Files/Pods-MarketGo/Pods-MarketGo.release.xcconfig"; sourceTree = "<group>"; };
		D6CA2ACBA4F75A9AF49AF4C5 /* Pods-MarketGoTests.release.xcconfig */ = {isa = PBXFileReference; includeInIndex = 1; lastKnownFileType = text.xcconfig; name = "Pods-MarketGoTests.release.xcconfig"; path = "Target Support Files/Pods-MarketGoTests/Pods-MarketGoTests.release.xcconfig"; sourceTree = "<group>"; };
/* End PBXFileReference section */

/* Begin PBXFrameworksBuildPhase section */
		2140BC4D29D1CEB900B78C6C /* Frameworks */ = {
			isa = PBXFrameworksBuildPhase;
			buildActionMask = 2147483647;
			files = (
				AEC6AFE4A57CD1E7E1E0B310 /* libPods-MarketGo.a in Frameworks */,
				2150934129DEF1A40001C788 /* Alamofire in Frameworks */,
				21FAE1D82A0AA422006593D9 /* FirebaseAnalytics in Frameworks */,
				21FAE1DA2A0AA422006593D9 /* FirebaseAuth in Frameworks */,
			);
			runOnlyForDeploymentPostprocessing = 0;
		};
		2140BC5D29D1CEBA00B78C6C /* Frameworks */ = {
			isa = PBXFrameworksBuildPhase;
			buildActionMask = 2147483647;
			files = (
				C1321C8DB9C9AD70C80B8978 /* libPods-MarketGoTests.a in Frameworks */,
			);
			runOnlyForDeploymentPostprocessing = 0;
		};
		2140BC6729D1CEBA00B78C6C /* Frameworks */ = {
			isa = PBXFrameworksBuildPhase;
			buildActionMask = 2147483647;
			files = (
				0105F9E59D5FB8A37852C587 /* libPods-MarketGo-MarketGoUITests.a in Frameworks */,
			);
			runOnlyForDeploymentPostprocessing = 0;
		};
/* End PBXFrameworksBuildPhase section */

/* Begin PBXGroup section */
		2140BC4729D1CEB900B78C6C = {
			isa = PBXGroup;
			children = (
				2140BC7D29D1CF7D00B78C6C /* Documentation.docc */,
				2140BC5229D1CEB900B78C6C /* MarketGo */,
				2140BC6329D1CEBA00B78C6C /* MarketGoTests */,
				2140BC6D29D1CEBA00B78C6C /* MarketGoUITests */,
				2140BC5129D1CEB900B78C6C /* Products */,
				EDB92AC1EBEB31D6FE15922C /* Pods */,
				7DC8E32593D03F0593CCD5EF /* Frameworks */,
			);
			sourceTree = "<group>";
		};
		2140BC5129D1CEB900B78C6C /* Products */ = {
			isa = PBXGroup;
			children = (
				2140BC5029D1CEB900B78C6C /* MarketGo.app */,
				2140BC6029D1CEBA00B78C6C /* MarketGoTests.xctest */,
				2140BC6A29D1CEBA00B78C6C /* MarketGoUITests.xctest */,
			);
			name = Products;
			sourceTree = "<group>";
		};
		2140BC5229D1CEB900B78C6C /* MarketGo */ = {
			isa = PBXGroup;
			children = (
				21E7A4B029D6D995009EB220 /* Info.plist */,
				21FAE1D42A0AA3F7006593D9 /* GoogleService-Info.plist */,
				2140BC9829D1D01900B78C6C /* MarketGoApp.swift */,
				2140BC5729D1CEBA00B78C6C /* Assets.xcassets */,
				2140BC8129D1CFA900B78C6C /* Model */,
				2140BC5929D1CEBA00B78C6C /* Preview Content */,
				21F1C9B929DD68F60022113A /* View */,
				2140BC9529D1CFD900B78C6C /* ViewModel */,
				21FAE1DB2A0AA468006593D9 /* AppDelegateAdaptor.swift */,
			);
			path = MarketGo;
			sourceTree = "<group>";
		};
		2140BC5929D1CEBA00B78C6C /* Preview Content */ = {
			isa = PBXGroup;
			children = (
				2140BC5A29D1CEBA00B78C6C /* Preview Assets.xcassets */,
			);
			path = "Preview Content";
			sourceTree = "<group>";
		};
		2140BC6329D1CEBA00B78C6C /* MarketGoTests */ = {
			isa = PBXGroup;
			children = (
				2140BC6429D1CEBA00B78C6C /* MarketGoTests.swift */,
			);
			path = MarketGoTests;
			sourceTree = "<group>";
		};
		2140BC6D29D1CEBA00B78C6C /* MarketGoUITests */ = {
			isa = PBXGroup;
			children = (
				2140BC6E29D1CEBA00B78C6C /* MarketGoUITests.swift */,
				2140BC7029D1CEBA00B78C6C /* MarketGoUITestsLaunchTests.swift */,
			);
			path = MarketGoUITests;
			sourceTree = "<group>";
		};
		2140BC8129D1CFA900B78C6C /* Model */ = {
			isa = PBXGroup;
			children = (
				994979BE2A11999D00159828 /* GoodsJASON.swift */,
				994979C02A119A5100159828 /* StoreJASON.swift */,
				994979C62A12700E00159828 /* CartJASON.swift */,
				99B1697E2A14D651007FC25F /* StoreReviewJASON.swift */,
				99F02DDF2A175C6B00D827CD /* MarketReviewJASON.swift */,
				2144FE6E29DD6A58008913C4 /* LocationModel.swift */,
				21470AB729FE620100A7CEE7 /* MarketAPIModel.swift */,
				998843BD2A04DD5000132079 /* MemberModel.swift */,
				214871D12A055EDB00C6FD1D /* MarketOneModel.swift */,
				210861FB2A06AE0900EC3A60 /* Config.swift */,
				994979C22A119ADE00159828 /* URLImage.swift */,
				211F53DA2A16A152003DA011 /* ImagePickerModel.swift */,
				99F02DDD2A17522200D827CD /* RemoteImage.swift */,
				211F53DD2A17A57D003DA011 /* ImageUploader.swift */,
				211F53DF2A17B3CB003DA011 /* StorePostViewModel.swift */,
			);
			path = Model;
			sourceTree = "<group>";
		};
		2140BC9529D1CFD900B78C6C /* ViewModel */ = {
			isa = PBXGroup;
			children = (
				21470AB129FD125100A7CEE7 /* EatingHouseViewModel.swift */,
				21470AB529FE588000A7CEE7 /* MarketViewModel.swift */,
				2188126329E96F4700F315EF /* ParkingLotViewModel.swift */,
				2140BC9629D1CFD900B78C6C /* SearchViewModel.swift */,
				21FAE1E72A0AA7A2006593D9 /* UserSiginInViewModel.swift */,
				21FAE1DD2A0AA49D006593D9 /* UserSignUpViewModel.swift */,
				2181EDD72A125E9F00B879B2 /* SellerMarketChoiceViewModel.swift */,
				21D006892A13BBDC00C404C3 /* SellerSignUpViewModel.swift */,
				211F53E12A17E6A5003DA011 /* SellerSignInViewModel.swift */,
			);
			path = ViewModel;
			sourceTree = "<group>";
		};
		2144FE7C29DD6BC0008913C4 /* Map */ = {
			isa = PBXGroup;
			children = (
				21470AAF29FD0FFD00A7CEE7 /* EatingHouseMapView.swift */,
				21470AAD29FD0F7F00A7CEE7 /* EatingHouseView.swift */,
				21FAE1EB2A0AC2A6006593D9 /* EditProfileView.swift */,
				210861FF2A06AF8F00EC3A60 /* FindPathView.swift */,
				2181EDD92A127E8300B879B2 /* HomeView.swift */,
				21D006932A15057E00C404C3 /* ImageUploadView.swift */,
				2144FE7D29DD6BCF008913C4 /* LocationManager.swift */,
				210862012A06D67900EC3A60 /* MapLinkView.swift */,
				217354B029DD727D008FDF56 /* MarketChoicePickerView.swift */,
				21F1C9BC29DD69870022113A /* MarketInfoView.swift */,
				214871D72A0685C300C6FD1D /* MarketListView.swift */,
				215A3D1029E9B31D00DCD0B0 /* MarketMapView.swift */,
				214871D92A06894700C6FD1D /* MarketOneMapView.swift */,
				21416B7D2A0CF25F008EA3C5 /* MarketTableWrapper.swift */,
				2144FE7F29DD6BEC008913C4 /* ParkingLotMapView.swift */,
				2188126529E972ED00F315EF /* ParkingLotView.swift */,
				21FAE1E92A0AC0AF006593D9 /* ProfileView.swift */,
				21416B8B2A1025F0008EA3C5 /* SellerMarketChoiceView.swift */,
				21416B752A0BBEF9008EA3C5 /* SellerSignInView.swift */,
				21FAE1ED2A0B65EC006593D9 /* SellerSignUpView.swift */,
				21FAE1E52A0AA787006593D9 /* SignInView.swift */,
				21D006972A15DB9200C404C3 /* StoreEnrollView.swift */,
				21D006952A15300200C404C3 /* StoreInfoWrite.swift */,
				21470AB329FD87E400A7CEE7 /* UITableViewWrapper.swift */,
				21FAE1F12A0BB829006593D9 /* UserSignInView.swift */,
				21D006912A15047100C404C3 /* UserSignUpView.swift */,
				211F53E52A17F306003DA011 /* SellerTempView.swift */,
			);
			path = Map;
			sourceTree = "<group>";
		};
		21F1C9B929DD68F60022113A /* View */ = {
			isa = PBXGroup;
			children = (
				2144FE7C29DD6BC0008913C4 /* Map */,
				2144FE7229DD6AAA008913C4 /* CartView.swift */,
				99CD749329DD904600D2D782 /* FoodItemCell.swift */,
				99CD749729DD97B300D2D782 /* FoodItemDetailView.swift */,
				2144FE7629DD6B11008913C4 /* MainView.swift */,
				2144FE7829DD6B4F008913C4 /* MarketSearchView.swift */,
				990D2C9629E23678002ED379 /* MenuItemRow.swift */,
				994979C42A12681A00159828 /* MenuView.swift */,
				99CD749529DD95D100D2D782 /* ProductTopView.swift */,
				2144FE6A29DD69B5008913C4 /* ProfileImageView.swift */,
				2144FE7429DD6AF6008913C4 /* SearchBar.swift */,
				2144FE7A29DD6B88008913C4 /* ShopView.swift */,
				993AF1C429DE474F00031A7B /* StoreView.swift */,
				2144FE7029DD6A79008913C4 /* TopView.swift */,
				994B17C42A023653009B77E8 /* ReviewView.swift */,
				99926D082A03419F00071E3C /* StoreReviewListView.swift */,
				998843BF2A04DE8700132079 /* UserMypageView.swift */,
				998843C12A04F76800132079 /* StoreListView.swift */,
				998843C32A05035D00132079 /* FoodItemListView.swift */,
				993AD3A42A0A72500069A27F /* ContentView.swift */,
				998BFBC22A0DCC1F005F4652 /* TestView.swift */,
				998BFBC42A0DD01C005F4652 /* CategoryView.swift */,
			);
			path = View;
			sourceTree = "<group>";
		};
		7DC8E32593D03F0593CCD5EF /* Frameworks */ = {
			isa = PBXGroup;
			children = (
				0BD43796E872DF5BD291D948 /* libPods-MarketGo.a */,
				725C5ED25F851D0B3E94785A /* libPods-MarketGo-MarketGoUITests.a */,
				B49E4FE25A39961E0AD6073F /* libPods-MarketGoTests.a */,
			);
			name = Frameworks;
			sourceTree = "<group>";
		};
		EDB92AC1EBEB31D6FE15922C /* Pods */ = {
			isa = PBXGroup;
			children = (
				5CDF3197B9A79DF4BA138956 /* Pods-MarketGo.debug.xcconfig */,
				B8E1540A8396BD0BF889E2A7 /* Pods-MarketGo.release.xcconfig */,
				2198B6DE943CEFFEB56B33D7 /* Pods-MarketGo-MarketGoUITests.debug.xcconfig */,
				5F46EB407DB4F30F4ABA9195 /* Pods-MarketGo-MarketGoUITests.release.xcconfig */,
				46694163AD73EB569AAEC2CD /* Pods-MarketGoTests.debug.xcconfig */,
				D6CA2ACBA4F75A9AF49AF4C5 /* Pods-MarketGoTests.release.xcconfig */,
			);
			path = Pods;
			sourceTree = "<group>";
		};
/* End PBXGroup section */

/* Begin PBXNativeTarget section */
		2140BC4F29D1CEB900B78C6C /* MarketGo */ = {
			isa = PBXNativeTarget;
			buildConfigurationList = 2140BC7429D1CEBA00B78C6C /* Build configuration list for PBXNativeTarget "MarketGo" */;
			buildPhases = (
				6A162BD02606CD61DE7A51ED /* [CP] Check Pods Manifest.lock */,
				2140BC4C29D1CEB900B78C6C /* Sources */,
				2140BC4D29D1CEB900B78C6C /* Frameworks */,
				2140BC4E29D1CEB900B78C6C /* Resources */,
				7FEE15D68188819D75A002FC /* [CP] Embed Pods Frameworks */,
			);
			buildRules = (
			);
			dependencies = (
			);
			name = MarketGo;
			packageProductDependencies = (
				2150934029DEF1A40001C788 /* Alamofire */,
				21FAE1D72A0AA422006593D9 /* FirebaseAnalytics */,
				21FAE1D92A0AA422006593D9 /* FirebaseAuth */,
			);
			productName = MarketGo;
			productReference = 2140BC5029D1CEB900B78C6C /* MarketGo.app */;
			productType = "com.apple.product-type.application";
		};
		2140BC5F29D1CEBA00B78C6C /* MarketGoTests */ = {
			isa = PBXNativeTarget;
			buildConfigurationList = 2140BC7729D1CEBA00B78C6C /* Build configuration list for PBXNativeTarget "MarketGoTests" */;
			buildPhases = (
				177AE5C0CF0B9AD750A5698B /* [CP] Check Pods Manifest.lock */,
				2140BC5C29D1CEBA00B78C6C /* Sources */,
				2140BC5D29D1CEBA00B78C6C /* Frameworks */,
				2140BC5E29D1CEBA00B78C6C /* Resources */,
			);
			buildRules = (
			);
			dependencies = (
				2140BC6229D1CEBA00B78C6C /* PBXTargetDependency */,
			);
			name = MarketGoTests;
			productName = MarketGoTests;
			productReference = 2140BC6029D1CEBA00B78C6C /* MarketGoTests.xctest */;
			productType = "com.apple.product-type.bundle.unit-test";
		};
		2140BC6929D1CEBA00B78C6C /* MarketGoUITests */ = {
			isa = PBXNativeTarget;
			buildConfigurationList = 2140BC7A29D1CEBA00B78C6C /* Build configuration list for PBXNativeTarget "MarketGoUITests" */;
			buildPhases = (
				2DCC180A4BFD596AFE7F42E2 /* [CP] Check Pods Manifest.lock */,
				2140BC6629D1CEBA00B78C6C /* Sources */,
				2140BC6729D1CEBA00B78C6C /* Frameworks */,
				2140BC6829D1CEBA00B78C6C /* Resources */,
				07360533D85B2BED96487C0C /* [CP] Embed Pods Frameworks */,
			);
			buildRules = (
			);
			dependencies = (
				2140BC6C29D1CEBA00B78C6C /* PBXTargetDependency */,
			);
			name = MarketGoUITests;
			productName = MarketGoUITests;
			productReference = 2140BC6A29D1CEBA00B78C6C /* MarketGoUITests.xctest */;
			productType = "com.apple.product-type.bundle.ui-testing";
		};
/* End PBXNativeTarget section */

/* Begin PBXProject section */
		2140BC4829D1CEB900B78C6C /* Project object */ = {
			isa = PBXProject;
			attributes = {
				BuildIndependentTargetsInParallel = 1;
				LastSwiftUpdateCheck = 1420;
				LastUpgradeCheck = 1420;
				TargetAttributes = {
					2140BC4F29D1CEB900B78C6C = {
						CreatedOnToolsVersion = 14.2;
					};
					2140BC5F29D1CEBA00B78C6C = {
						CreatedOnToolsVersion = 14.2;
						TestTargetID = 2140BC4F29D1CEB900B78C6C;
					};
					2140BC6929D1CEBA00B78C6C = {
						CreatedOnToolsVersion = 14.2;
						TestTargetID = 2140BC4F29D1CEB900B78C6C;
					};
				};
			};
			buildConfigurationList = 2140BC4B29D1CEB900B78C6C /* Build configuration list for PBXProject "MarketGo" */;
			compatibilityVersion = "Xcode 14.0";
			developmentRegion = en;
			hasScannedForEncodings = 0;
			knownRegions = (
				en,
				Base,
			);
			mainGroup = 2140BC4729D1CEB900B78C6C;
			packageReferences = (
				2150933F29DEF1A40001C788 /* XCRemoteSwiftPackageReference "Alamofire" */,
				21FAE1D62A0AA422006593D9 /* XCRemoteSwiftPackageReference "firebase-ios-sdk" */,
			);
			productRefGroup = 2140BC5129D1CEB900B78C6C /* Products */;
			projectDirPath = "";
			projectRoot = "";
			targets = (
				2140BC4F29D1CEB900B78C6C /* MarketGo */,
				2140BC5F29D1CEBA00B78C6C /* MarketGoTests */,
				2140BC6929D1CEBA00B78C6C /* MarketGoUITests */,
			);
		};
/* End PBXProject section */

/* Begin PBXResourcesBuildPhase section */
		2140BC4E29D1CEB900B78C6C /* Resources */ = {
			isa = PBXResourcesBuildPhase;
			buildActionMask = 2147483647;
			files = (
				2140BC5B29D1CEBA00B78C6C /* Preview Assets.xcassets in Resources */,
				2140BC5829D1CEBA00B78C6C /* Assets.xcassets in Resources */,
				21FAE1D52A0AA3F7006593D9 /* GoogleService-Info.plist in Resources */,
			);
			runOnlyForDeploymentPostprocessing = 0;
		};
		2140BC5E29D1CEBA00B78C6C /* Resources */ = {
			isa = PBXResourcesBuildPhase;
			buildActionMask = 2147483647;
			files = (
			);
			runOnlyForDeploymentPostprocessing = 0;
		};
		2140BC6829D1CEBA00B78C6C /* Resources */ = {
			isa = PBXResourcesBuildPhase;
			buildActionMask = 2147483647;
			files = (
			);
			runOnlyForDeploymentPostprocessing = 0;
		};
/* End PBXResourcesBuildPhase section */

/* Begin PBXShellScriptBuildPhase section */
		07360533D85B2BED96487C0C /* [CP] Embed Pods Frameworks */ = {
			isa = PBXShellScriptBuildPhase;
			buildActionMask = 2147483647;
			files = (
			);
			inputFileListPaths = (
				"${PODS_ROOT}/Target Support Files/Pods-MarketGo-MarketGoUITests/Pods-MarketGo-MarketGoUITests-frameworks-${CONFIGURATION}-input-files.xcfilelist",
			);
			name = "[CP] Embed Pods Frameworks";
			outputFileListPaths = (
				"${PODS_ROOT}/Target Support Files/Pods-MarketGo-MarketGoUITests/Pods-MarketGo-MarketGoUITests-frameworks-${CONFIGURATION}-output-files.xcfilelist",
			);
			runOnlyForDeploymentPostprocessing = 0;
			shellPath = /bin/sh;
			shellScript = "\"${PODS_ROOT}/Target Support Files/Pods-MarketGo-MarketGoUITests/Pods-MarketGo-MarketGoUITests-frameworks.sh\"\n";
			showEnvVarsInLog = 0;
		};
		177AE5C0CF0B9AD750A5698B /* [CP] Check Pods Manifest.lock */ = {
			isa = PBXShellScriptBuildPhase;
			buildActionMask = 2147483647;
			files = (
			);
			inputFileListPaths = (
			);
			inputPaths = (
				"${PODS_PODFILE_DIR_PATH}/Podfile.lock",
				"${PODS_ROOT}/Manifest.lock",
			);
			name = "[CP] Check Pods Manifest.lock";
			outputFileListPaths = (
			);
			outputPaths = (
				"$(DERIVED_FILE_DIR)/Pods-MarketGoTests-checkManifestLockResult.txt",
			);
			runOnlyForDeploymentPostprocessing = 0;
			shellPath = /bin/sh;
			shellScript = "diff \"${PODS_PODFILE_DIR_PATH}/Podfile.lock\" \"${PODS_ROOT}/Manifest.lock\" > /dev/null\nif [ $? != 0 ] ; then\n    # print error to STDERR\n    echo \"error: The sandbox is not in sync with the Podfile.lock. Run 'pod install' or update your CocoaPods installation.\" >&2\n    exit 1\nfi\n# This output is used by Xcode 'outputs' to avoid re-running this script phase.\necho \"SUCCESS\" > \"${SCRIPT_OUTPUT_FILE_0}\"\n";
			showEnvVarsInLog = 0;
		};
		2DCC180A4BFD596AFE7F42E2 /* [CP] Check Pods Manifest.lock */ = {
			isa = PBXShellScriptBuildPhase;
			buildActionMask = 2147483647;
			files = (
			);
			inputFileListPaths = (
			);
			inputPaths = (
				"${PODS_PODFILE_DIR_PATH}/Podfile.lock",
				"${PODS_ROOT}/Manifest.lock",
			);
			name = "[CP] Check Pods Manifest.lock";
			outputFileListPaths = (
			);
			outputPaths = (
				"$(DERIVED_FILE_DIR)/Pods-MarketGo-MarketGoUITests-checkManifestLockResult.txt",
			);
			runOnlyForDeploymentPostprocessing = 0;
			shellPath = /bin/sh;
			shellScript = "diff \"${PODS_PODFILE_DIR_PATH}/Podfile.lock\" \"${PODS_ROOT}/Manifest.lock\" > /dev/null\nif [ $? != 0 ] ; then\n    # print error to STDERR\n    echo \"error: The sandbox is not in sync with the Podfile.lock. Run 'pod install' or update your CocoaPods installation.\" >&2\n    exit 1\nfi\n# This output is used by Xcode 'outputs' to avoid re-running this script phase.\necho \"SUCCESS\" > \"${SCRIPT_OUTPUT_FILE_0}\"\n";
			showEnvVarsInLog = 0;
		};
		6A162BD02606CD61DE7A51ED /* [CP] Check Pods Manifest.lock */ = {
			isa = PBXShellScriptBuildPhase;
			buildActionMask = 2147483647;
			files = (
			);
			inputFileListPaths = (
			);
			inputPaths = (
				"${PODS_PODFILE_DIR_PATH}/Podfile.lock",
				"${PODS_ROOT}/Manifest.lock",
			);
			name = "[CP] Check Pods Manifest.lock";
			outputFileListPaths = (
			);
			outputPaths = (
				"$(DERIVED_FILE_DIR)/Pods-MarketGo-checkManifestLockResult.txt",
			);
			runOnlyForDeploymentPostprocessing = 0;
			shellPath = /bin/sh;
			shellScript = "diff \"${PODS_PODFILE_DIR_PATH}/Podfile.lock\" \"${PODS_ROOT}/Manifest.lock\" > /dev/null\nif [ $? != 0 ] ; then\n    # print error to STDERR\n    echo \"error: The sandbox is not in sync with the Podfile.lock. Run 'pod install' or update your CocoaPods installation.\" >&2\n    exit 1\nfi\n# This output is used by Xcode 'outputs' to avoid re-running this script phase.\necho \"SUCCESS\" > \"${SCRIPT_OUTPUT_FILE_0}\"\n";
			showEnvVarsInLog = 0;
		};
		7FEE15D68188819D75A002FC /* [CP] Embed Pods Frameworks */ = {
			isa = PBXShellScriptBuildPhase;
			buildActionMask = 2147483647;
			files = (
			);
			inputFileListPaths = (
				"${PODS_ROOT}/Target Support Files/Pods-MarketGo/Pods-MarketGo-frameworks-${CONFIGURATION}-input-files.xcfilelist",
			);
			name = "[CP] Embed Pods Frameworks";
			outputFileListPaths = (
				"${PODS_ROOT}/Target Support Files/Pods-MarketGo/Pods-MarketGo-frameworks-${CONFIGURATION}-output-files.xcfilelist",
			);
			runOnlyForDeploymentPostprocessing = 0;
			shellPath = /bin/sh;
			shellScript = "\"${PODS_ROOT}/Target Support Files/Pods-MarketGo/Pods-MarketGo-frameworks.sh\"\n";
			showEnvVarsInLog = 0;
		};
/* End PBXShellScriptBuildPhase section */

/* Begin PBXSourcesBuildPhase section */
		2140BC4C29D1CEB900B78C6C /* Sources */ = {
			isa = PBXSourcesBuildPhase;
			buildActionMask = 2147483647;
			files = (
				21D0068A2A13BBDC00C404C3 /* SellerSignUpViewModel.swift in Sources */,
				21470AB629FE588000A7CEE7 /* MarketViewModel.swift in Sources */,
				21D006962A15300200C404C3 /* StoreInfoWrite.swift in Sources */,
				21470AB429FD87E400A7CEE7 /* UITableViewWrapper.swift in Sources */,
				998843C42A05035D00132079 /* FoodItemListView.swift in Sources */,
				211F53DE2A17A57D003DA011 /* ImageUploader.swift in Sources */,
				2144FE8029DD6BEC008913C4 /* ParkingLotMapView.swift in Sources */,
				2188126629E972ED00F315EF /* ParkingLotView.swift in Sources */,
				99B1697F2A14D651007FC25F /* StoreReviewJASON.swift in Sources */,
				998843BE2A04DD5000132079 /* MemberModel.swift in Sources */,
				21FAE1E82A0AA7A2006593D9 /* UserSiginInViewModel.swift in Sources */,
				211F53E62A17F306003DA011 /* SellerTempView.swift in Sources */,
				217354B129DD727D008FDF56 /* MarketChoicePickerView.swift in Sources */,
				21470AB029FD0FFD00A7CEE7 /* EatingHouseMapView.swift in Sources */,
				2144FE7329DD6AAA008913C4 /* CartView.swift in Sources */,
				21470AB229FD125100A7CEE7 /* EatingHouseViewModel.swift in Sources */,
				2144FE7729DD6B11008913C4 /* MainView.swift in Sources */,
				2181EDDA2A127E8300B879B2 /* HomeView.swift in Sources */,
				215A3D1129E9B31D00DCD0B0 /* MarketMapView.swift in Sources */,
				2144FE7E29DD6BCF008913C4 /* LocationManager.swift in Sources */,
				99F02DE02A175C6B00D827CD /* MarketReviewJASON.swift in Sources */,
				998BFBC32A0DCC1F005F4652 /* TestView.swift in Sources */,
				990D2C9729E23678002ED379 /* MenuItemRow.swift in Sources */,
				21FAE1F22A0BB829006593D9 /* UserSignInView.swift in Sources */,
				99CD749629DD95D100D2D782 /* ProductTopView.swift in Sources */,
				214871D22A055EDB00C6FD1D /* MarketOneModel.swift in Sources */,
				21416B762A0BBEF9008EA3C5 /* SellerSignInView.swift in Sources */,
				211F53E02A17B3CB003DA011 /* StorePostViewModel.swift in Sources */,
				994B17C52A023653009B77E8 /* ReviewView.swift in Sources */,
				998BFBC52A0DD01C005F4652 /* CategoryView.swift in Sources */,
				998843C22A04F76800132079 /* StoreListView.swift in Sources */,
				21FAE1DC2A0AA468006593D9 /* AppDelegateAdaptor.swift in Sources */,
				2181EDD82A125E9F00B879B2 /* SellerMarketChoiceViewModel.swift in Sources */,
				2144FE7B29DD6B88008913C4 /* ShopView.swift in Sources */,
				214871D82A0685C300C6FD1D /* MarketListView.swift in Sources */,
				21D006922A15047100C404C3 /* UserSignUpView.swift in Sources */,
				210862002A06AF8F00EC3A60 /* FindPathView.swift in Sources */,
				994979C72A12700E00159828 /* CartJASON.swift in Sources */,
				21470AAE29FD0F7F00A7CEE7 /* EatingHouseView.swift in Sources */,
				994979C12A119A5100159828 /* StoreJASON.swift in Sources */,
				99CD749429DD904600D2D782 /* FoodItemCell.swift in Sources */,
				21D006942A15057E00C404C3 /* ImageUploadView.swift in Sources */,
				211F53DB2A16A152003DA011 /* ImagePickerModel.swift in Sources */,
				994979BF2A11999D00159828 /* GoodsJASON.swift in Sources */,
				994979C52A12681A00159828 /* MenuView.swift in Sources */,
				99F02DDE2A17522200D827CD /* RemoteImage.swift in Sources */,
				21FAE1E62A0AA787006593D9 /* SignInView.swift in Sources */,
				2144FE6F29DD6A58008913C4 /* LocationModel.swift in Sources */,
				2144FE7929DD6B4F008913C4 /* MarketSearchView.swift in Sources */,
				2144FE6B29DD69B5008913C4 /* ProfileImageView.swift in Sources */,
				21416B8C2A1025F0008EA3C5 /* SellerMarketChoiceView.swift in Sources */,
				2140BC9729D1CFD900B78C6C /* SearchViewModel.swift in Sources */,
				21F1C9BD29DD69870022113A /* MarketInfoView.swift in Sources */,
				998843C02A04DE8700132079 /* UserMypageView.swift in Sources */,
				21FAE1EE2A0B65EC006593D9 /* SellerSignUpView.swift in Sources */,
				2140BC7E29D1CF7D00B78C6C /* Documentation.docc in Sources */,
				21FAE1DE2A0AA49D006593D9 /* UserSignUpViewModel.swift in Sources */,
				210862022A06D67900EC3A60 /* MapLinkView.swift in Sources */,
				2188126429E96F4700F315EF /* ParkingLotViewModel.swift in Sources */,
				21470AB829FE620100A7CEE7 /* MarketAPIModel.swift in Sources */,
				214871DA2A06894700C6FD1D /* MarketOneMapView.swift in Sources */,
				99CD749829DD97B300D2D782 /* FoodItemDetailView.swift in Sources */,
				21FAE1EA2A0AC0AF006593D9 /* ProfileView.swift in Sources */,
				2144FE7129DD6A79008913C4 /* TopView.swift in Sources */,
				993AD3A52A0A72500069A27F /* ContentView.swift in Sources */,
				210861FC2A06AE0900EC3A60 /* Config.swift in Sources */,
				2144FE7529DD6AF6008913C4 /* SearchBar.swift in Sources */,
				993AF1C529DE474F00031A7B /* StoreView.swift in Sources */,
				2140BC9929D1D01900B78C6C /* MarketGoApp.swift in Sources */,
				21416B7E2A0CF25F008EA3C5 /* MarketTableWrapper.swift in Sources */,
				21FAE1EC2A0AC2A6006593D9 /* EditProfileView.swift in Sources */,
				99926D092A03419F00071E3C /* StoreReviewListView.swift in Sources */,
				211F53E22A17E6A5003DA011 /* SellerSignInViewModel.swift in Sources */,
				21D006982A15DB9200C404C3 /* StoreEnrollView.swift in Sources */,
				994979C32A119ADE00159828 /* URLImage.swift in Sources */,
			);
			runOnlyForDeploymentPostprocessing = 0;
		};
		2140BC5C29D1CEBA00B78C6C /* Sources */ = {
			isa = PBXSourcesBuildPhase;
			buildActionMask = 2147483647;
			files = (
				2140BC6529D1CEBA00B78C6C /* MarketGoTests.swift in Sources */,
			);
			runOnlyForDeploymentPostprocessing = 0;
		};
		2140BC6629D1CEBA00B78C6C /* Sources */ = {
			isa = PBXSourcesBuildPhase;
			buildActionMask = 2147483647;
			files = (
				2140BC7129D1CEBA00B78C6C /* MarketGoUITestsLaunchTests.swift in Sources */,
				2140BC6F29D1CEBA00B78C6C /* MarketGoUITests.swift in Sources */,
			);
			runOnlyForDeploymentPostprocessing = 0;
		};
/* End PBXSourcesBuildPhase section */

/* Begin PBXTargetDependency section */
		2140BC6229D1CEBA00B78C6C /* PBXTargetDependency */ = {
			isa = PBXTargetDependency;
			target = 2140BC4F29D1CEB900B78C6C /* MarketGo */;
			targetProxy = 2140BC6129D1CEBA00B78C6C /* PBXContainerItemProxy */;
		};
		2140BC6C29D1CEBA00B78C6C /* PBXTargetDependency */ = {
			isa = PBXTargetDependency;
			target = 2140BC4F29D1CEB900B78C6C /* MarketGo */;
			targetProxy = 2140BC6B29D1CEBA00B78C6C /* PBXContainerItemProxy */;
		};
/* End PBXTargetDependency section */

/* Begin XCBuildConfiguration section */
		2140BC7229D1CEBA00B78C6C /* Debug */ = {
			isa = XCBuildConfiguration;
			buildSettings = {
				ALWAYS_SEARCH_USER_PATHS = NO;
				CLANG_ANALYZER_NONNULL = YES;
				CLANG_ANALYZER_NUMBER_OBJECT_CONVERSION = YES_AGGRESSIVE;
				CLANG_CXX_LANGUAGE_STANDARD = "gnu++20";
				CLANG_ENABLE_MODULES = YES;
				CLANG_ENABLE_OBJC_ARC = YES;
				CLANG_ENABLE_OBJC_WEAK = YES;
				CLANG_WARN_BLOCK_CAPTURE_AUTORELEASING = YES;
				CLANG_WARN_BOOL_CONVERSION = YES;
				CLANG_WARN_COMMA = YES;
				CLANG_WARN_CONSTANT_CONVERSION = YES;
				CLANG_WARN_DEPRECATED_OBJC_IMPLEMENTATIONS = YES;
				CLANG_WARN_DIRECT_OBJC_ISA_USAGE = YES_ERROR;
				CLANG_WARN_DOCUMENTATION_COMMENTS = YES;
				CLANG_WARN_EMPTY_BODY = YES;
				CLANG_WARN_ENUM_CONVERSION = YES;
				CLANG_WARN_INFINITE_RECURSION = YES;
				CLANG_WARN_INT_CONVERSION = YES;
				CLANG_WARN_NON_LITERAL_NULL_CONVERSION = YES;
				CLANG_WARN_OBJC_IMPLICIT_RETAIN_SELF = YES;
				CLANG_WARN_OBJC_LITERAL_CONVERSION = YES;
				CLANG_WARN_OBJC_ROOT_CLASS = YES_ERROR;
				CLANG_WARN_QUOTED_INCLUDE_IN_FRAMEWORK_HEADER = YES;
				CLANG_WARN_RANGE_LOOP_ANALYSIS = YES;
				CLANG_WARN_STRICT_PROTOTYPES = YES;
				CLANG_WARN_SUSPICIOUS_MOVE = YES;
				CLANG_WARN_UNGUARDED_AVAILABILITY = YES_AGGRESSIVE;
				CLANG_WARN_UNREACHABLE_CODE = YES;
				CLANG_WARN__DUPLICATE_METHOD_MATCH = YES;
				COPY_PHASE_STRIP = NO;
				DEBUG_INFORMATION_FORMAT = dwarf;
				ENABLE_STRICT_OBJC_MSGSEND = YES;
				ENABLE_TESTABILITY = YES;
				GCC_C_LANGUAGE_STANDARD = gnu11;
				GCC_DYNAMIC_NO_PIC = NO;
				GCC_NO_COMMON_BLOCKS = YES;
				GCC_OPTIMIZATION_LEVEL = 0;
				GCC_PREPROCESSOR_DEFINITIONS = (
					"DEBUG=1",
					"$(inherited)",
				);
				GCC_WARN_64_TO_32_BIT_CONVERSION = YES;
				GCC_WARN_ABOUT_RETURN_TYPE = YES_ERROR;
				GCC_WARN_UNDECLARED_SELECTOR = YES;
				GCC_WARN_UNINITIALIZED_AUTOS = YES_AGGRESSIVE;
				GCC_WARN_UNUSED_FUNCTION = YES;
				GCC_WARN_UNUSED_VARIABLE = YES;
				IPHONEOS_DEPLOYMENT_TARGET = 14.0;
				MTL_ENABLE_DEBUG_INFO = INCLUDE_SOURCE;
				MTL_FAST_MATH = YES;
				ONLY_ACTIVE_ARCH = YES;
				SDKROOT = iphoneos;
				SWIFT_ACTIVE_COMPILATION_CONDITIONS = DEBUG;
				SWIFT_OPTIMIZATION_LEVEL = "-Onone";
			};
			name = Debug;
		};
		2140BC7329D1CEBA00B78C6C /* Release */ = {
			isa = XCBuildConfiguration;
			buildSettings = {
				ALWAYS_SEARCH_USER_PATHS = NO;
				CLANG_ANALYZER_NONNULL = YES;
				CLANG_ANALYZER_NUMBER_OBJECT_CONVERSION = YES_AGGRESSIVE;
				CLANG_CXX_LANGUAGE_STANDARD = "gnu++20";
				CLANG_ENABLE_MODULES = YES;
				CLANG_ENABLE_OBJC_ARC = YES;
				CLANG_ENABLE_OBJC_WEAK = YES;
				CLANG_WARN_BLOCK_CAPTURE_AUTORELEASING = YES;
				CLANG_WARN_BOOL_CONVERSION = YES;
				CLANG_WARN_COMMA = YES;
				CLANG_WARN_CONSTANT_CONVERSION = YES;
				CLANG_WARN_DEPRECATED_OBJC_IMPLEMENTATIONS = YES;
				CLANG_WARN_DIRECT_OBJC_ISA_USAGE = YES_ERROR;
				CLANG_WARN_DOCUMENTATION_COMMENTS = YES;
				CLANG_WARN_EMPTY_BODY = YES;
				CLANG_WARN_ENUM_CONVERSION = YES;
				CLANG_WARN_INFINITE_RECURSION = YES;
				CLANG_WARN_INT_CONVERSION = YES;
				CLANG_WARN_NON_LITERAL_NULL_CONVERSION = YES;
				CLANG_WARN_OBJC_IMPLICIT_RETAIN_SELF = YES;
				CLANG_WARN_OBJC_LITERAL_CONVERSION = YES;
				CLANG_WARN_OBJC_ROOT_CLASS = YES_ERROR;
				CLANG_WARN_QUOTED_INCLUDE_IN_FRAMEWORK_HEADER = YES;
				CLANG_WARN_RANGE_LOOP_ANALYSIS = YES;
				CLANG_WARN_STRICT_PROTOTYPES = YES;
				CLANG_WARN_SUSPICIOUS_MOVE = YES;
				CLANG_WARN_UNGUARDED_AVAILABILITY = YES_AGGRESSIVE;
				CLANG_WARN_UNREACHABLE_CODE = YES;
				CLANG_WARN__DUPLICATE_METHOD_MATCH = YES;
				COPY_PHASE_STRIP = NO;
				DEBUG_INFORMATION_FORMAT = "dwarf-with-dsym";
				ENABLE_NS_ASSERTIONS = NO;
				ENABLE_STRICT_OBJC_MSGSEND = YES;
				GCC_C_LANGUAGE_STANDARD = gnu11;
				GCC_NO_COMMON_BLOCKS = YES;
				GCC_WARN_64_TO_32_BIT_CONVERSION = YES;
				GCC_WARN_ABOUT_RETURN_TYPE = YES_ERROR;
				GCC_WARN_UNDECLARED_SELECTOR = YES;
				GCC_WARN_UNINITIALIZED_AUTOS = YES_AGGRESSIVE;
				GCC_WARN_UNUSED_FUNCTION = YES;
				GCC_WARN_UNUSED_VARIABLE = YES;
				IPHONEOS_DEPLOYMENT_TARGET = 14.0;
				MTL_ENABLE_DEBUG_INFO = NO;
				MTL_FAST_MATH = YES;
				SDKROOT = iphoneos;
				SWIFT_COMPILATION_MODE = wholemodule;
				SWIFT_OPTIMIZATION_LEVEL = "-O";
				VALIDATE_PRODUCT = YES;
			};
			name = Release;
		};
		2140BC7529D1CEBA00B78C6C /* Debug */ = {
			isa = XCBuildConfiguration;
			baseConfigurationReference = 5CDF3197B9A79DF4BA138956 /* Pods-MarketGo.debug.xcconfig */;
			buildSettings = {
				ASSETCATALOG_COMPILER_APPICON_NAME = AppIcon;
				ASSETCATALOG_COMPILER_GLOBAL_ACCENT_COLOR_NAME = AccentColor;
				CODE_SIGN_STYLE = Automatic;
				CURRENT_PROJECT_VERSION = 1;
				DEVELOPMENT_ASSET_PATHS = "\"MarketGo/Preview Content\"";
				DEVELOPMENT_TEAM = "";
				ENABLE_PREVIEWS = YES;
				GENERATE_INFOPLIST_FILE = YES;
				INFOPLIST_FILE = MarketGo/Info.plist;
				INFOPLIST_KEY_CFBundleDisplayName = MarketGo;
				INFOPLIST_KEY_LSApplicationCategoryType = "public.app-category.lifestyle";
				INFOPLIST_KEY_UIApplicationSceneManifest_Generation = YES;
				INFOPLIST_KEY_UIApplicationSupportsIndirectInputEvents = YES;
				INFOPLIST_KEY_UILaunchScreen_Generation = YES;
				INFOPLIST_KEY_UISupportedInterfaceOrientations_iPad = "UIInterfaceOrientationPortrait UIInterfaceOrientationPortraitUpsideDown UIInterfaceOrientationLandscapeLeft UIInterfaceOrientationLandscapeRight";
				INFOPLIST_KEY_UISupportedInterfaceOrientations_iPhone = "UIInterfaceOrientationPortrait UIInterfaceOrientationLandscapeLeft UIInterfaceOrientationLandscapeRight";
				IPHONEOS_DEPLOYMENT_TARGET = 14.0;
				LD_RUNPATH_SEARCH_PATHS = (
					"$(inherited)",
					"@executable_path/Frameworks",
				);
				MARKETING_VERSION = 1.0;
				PRODUCT_BUNDLE_IDENTIFIER = com.capstone.MarketGo;
				PRODUCT_NAME = "$(TARGET_NAME)";
				SWIFT_EMIT_LOC_STRINGS = YES;
				SWIFT_VERSION = 5.0;
				TARGETED_DEVICE_FAMILY = "1,2";
			};
			name = Debug;
		};
		2140BC7629D1CEBA00B78C6C /* Release */ = {
			isa = XCBuildConfiguration;
			baseConfigurationReference = B8E1540A8396BD0BF889E2A7 /* Pods-MarketGo.release.xcconfig */;
			buildSettings = {
				ASSETCATALOG_COMPILER_APPICON_NAME = AppIcon;
				ASSETCATALOG_COMPILER_GLOBAL_ACCENT_COLOR_NAME = AccentColor;
				CODE_SIGN_STYLE = Automatic;
				CURRENT_PROJECT_VERSION = 1;
				DEVELOPMENT_ASSET_PATHS = "\"MarketGo/Preview Content\"";
				DEVELOPMENT_TEAM = "";
				ENABLE_PREVIEWS = YES;
				GENERATE_INFOPLIST_FILE = YES;
				INFOPLIST_FILE = MarketGo/Info.plist;
				INFOPLIST_KEY_CFBundleDisplayName = MarketGo;
				INFOPLIST_KEY_LSApplicationCategoryType = "public.app-category.lifestyle";
				INFOPLIST_KEY_UIApplicationSceneManifest_Generation = YES;
				INFOPLIST_KEY_UIApplicationSupportsIndirectInputEvents = YES;
				INFOPLIST_KEY_UILaunchScreen_Generation = YES;
				INFOPLIST_KEY_UISupportedInterfaceOrientations_iPad = "UIInterfaceOrientationPortrait UIInterfaceOrientationPortraitUpsideDown UIInterfaceOrientationLandscapeLeft UIInterfaceOrientationLandscapeRight";
				INFOPLIST_KEY_UISupportedInterfaceOrientations_iPhone = "UIInterfaceOrientationPortrait UIInterfaceOrientationLandscapeLeft UIInterfaceOrientationLandscapeRight";
				IPHONEOS_DEPLOYMENT_TARGET = 14.0;
				LD_RUNPATH_SEARCH_PATHS = (
					"$(inherited)",
					"@executable_path/Frameworks",
				);
				MARKETING_VERSION = 1.0;
				PRODUCT_BUNDLE_IDENTIFIER = com.capstone.MarketGo;
				PRODUCT_NAME = "$(TARGET_NAME)";
				SWIFT_EMIT_LOC_STRINGS = YES;
				SWIFT_VERSION = 5.0;
				TARGETED_DEVICE_FAMILY = "1,2";
			};
			name = Release;
		};
		2140BC7829D1CEBA00B78C6C /* Debug */ = {
			isa = XCBuildConfiguration;
			baseConfigurationReference = 46694163AD73EB569AAEC2CD /* Pods-MarketGoTests.debug.xcconfig */;
			buildSettings = {
				ALWAYS_EMBED_SWIFT_STANDARD_LIBRARIES = YES;
				BUNDLE_LOADER = "$(TEST_HOST)";
				CODE_SIGN_STYLE = Automatic;
				CURRENT_PROJECT_VERSION = 1;
				DEVELOPMENT_TEAM = F5WP2FDW4U;
				GENERATE_INFOPLIST_FILE = YES;
				IPHONEOS_DEPLOYMENT_TARGET = 14.0;
				MARKETING_VERSION = 1.0;
				PRODUCT_BUNDLE_IDENTIFIER = com.capstone.MarketGoTests;
				PRODUCT_NAME = "$(TARGET_NAME)";
				SWIFT_EMIT_LOC_STRINGS = NO;
				SWIFT_VERSION = 5.0;
				TARGETED_DEVICE_FAMILY = "1,2";
				TEST_HOST = "$(BUILT_PRODUCTS_DIR)/MarketGo.app/$(BUNDLE_EXECUTABLE_FOLDER_PATH)/MarketGo";
			};
			name = Debug;
		};
		2140BC7929D1CEBA00B78C6C /* Release */ = {
			isa = XCBuildConfiguration;
			baseConfigurationReference = D6CA2ACBA4F75A9AF49AF4C5 /* Pods-MarketGoTests.release.xcconfig */;
			buildSettings = {
				ALWAYS_EMBED_SWIFT_STANDARD_LIBRARIES = YES;
				BUNDLE_LOADER = "$(TEST_HOST)";
				CODE_SIGN_STYLE = Automatic;
				CURRENT_PROJECT_VERSION = 1;
				DEVELOPMENT_TEAM = F5WP2FDW4U;
				GENERATE_INFOPLIST_FILE = YES;
				IPHONEOS_DEPLOYMENT_TARGET = 14.0;
				MARKETING_VERSION = 1.0;
				PRODUCT_BUNDLE_IDENTIFIER = com.capstone.MarketGoTests;
				PRODUCT_NAME = "$(TARGET_NAME)";
				SWIFT_EMIT_LOC_STRINGS = NO;
				SWIFT_VERSION = 5.0;
				TARGETED_DEVICE_FAMILY = "1,2";
				TEST_HOST = "$(BUILT_PRODUCTS_DIR)/MarketGo.app/$(BUNDLE_EXECUTABLE_FOLDER_PATH)/MarketGo";
			};
			name = Release;
		};
		2140BC7B29D1CEBA00B78C6C /* Debug */ = {
			isa = XCBuildConfiguration;
			baseConfigurationReference = 2198B6DE943CEFFEB56B33D7 /* Pods-MarketGo-MarketGoUITests.debug.xcconfig */;
			buildSettings = {
				ALWAYS_EMBED_SWIFT_STANDARD_LIBRARIES = YES;
				CODE_SIGN_STYLE = Automatic;
				CURRENT_PROJECT_VERSION = 1;
				DEVELOPMENT_TEAM = F5WP2FDW4U;
				GENERATE_INFOPLIST_FILE = YES;
				MARKETING_VERSION = 1.0;
				PRODUCT_BUNDLE_IDENTIFIER = com.capstone.MarketGoUITests;
				PRODUCT_NAME = "$(TARGET_NAME)";
				SWIFT_EMIT_LOC_STRINGS = NO;
				SWIFT_VERSION = 5.0;
				TARGETED_DEVICE_FAMILY = "1,2";
				TEST_TARGET_NAME = MarketGo;
			};
			name = Debug;
		};
		2140BC7C29D1CEBA00B78C6C /* Release */ = {
			isa = XCBuildConfiguration;
			baseConfigurationReference = 5F46EB407DB4F30F4ABA9195 /* Pods-MarketGo-MarketGoUITests.release.xcconfig */;
			buildSettings = {
				ALWAYS_EMBED_SWIFT_STANDARD_LIBRARIES = YES;
				CODE_SIGN_STYLE = Automatic;
				CURRENT_PROJECT_VERSION = 1;
				DEVELOPMENT_TEAM = F5WP2FDW4U;
				GENERATE_INFOPLIST_FILE = YES;
				MARKETING_VERSION = 1.0;
				PRODUCT_BUNDLE_IDENTIFIER = com.capstone.MarketGoUITests;
				PRODUCT_NAME = "$(TARGET_NAME)";
				SWIFT_EMIT_LOC_STRINGS = NO;
				SWIFT_VERSION = 5.0;
				TARGETED_DEVICE_FAMILY = "1,2";
				TEST_TARGET_NAME = MarketGo;
			};
			name = Release;
		};
/* End XCBuildConfiguration section */

/* Begin XCConfigurationList section */
		2140BC4B29D1CEB900B78C6C /* Build configuration list for PBXProject "MarketGo" */ = {
			isa = XCConfigurationList;
			buildConfigurations = (
				2140BC7229D1CEBA00B78C6C /* Debug */,
				2140BC7329D1CEBA00B78C6C /* Release */,
			);
			defaultConfigurationIsVisible = 0;
			defaultConfigurationName = Release;
		};
		2140BC7429D1CEBA00B78C6C /* Build configuration list for PBXNativeTarget "MarketGo" */ = {
			isa = XCConfigurationList;
			buildConfigurations = (
				2140BC7529D1CEBA00B78C6C /* Debug */,
				2140BC7629D1CEBA00B78C6C /* Release */,
			);
			defaultConfigurationIsVisible = 0;
			defaultConfigurationName = Release;
		};
		2140BC7729D1CEBA00B78C6C /* Build configuration list for PBXNativeTarget "MarketGoTests" */ = {
			isa = XCConfigurationList;
			buildConfigurations = (
				2140BC7829D1CEBA00B78C6C /* Debug */,
				2140BC7929D1CEBA00B78C6C /* Release */,
			);
			defaultConfigurationIsVisible = 0;
			defaultConfigurationName = Release;
		};
		2140BC7A29D1CEBA00B78C6C /* Build configuration list for PBXNativeTarget "MarketGoUITests" */ = {
			isa = XCConfigurationList;
			buildConfigurations = (
				2140BC7B29D1CEBA00B78C6C /* Debug */,
				2140BC7C29D1CEBA00B78C6C /* Release */,
			);
			defaultConfigurationIsVisible = 0;
			defaultConfigurationName = Release;
		};
/* End XCConfigurationList section */

/* Begin XCRemoteSwiftPackageReference section */
		2150933F29DEF1A40001C788 /* XCRemoteSwiftPackageReference "Alamofire" */ = {
			isa = XCRemoteSwiftPackageReference;
			repositoryURL = "https://github.com/Alamofire/Alamofire.git";
			requirement = {
				branch = master;
				kind = branch;
			};
		};
		21FAE1D62A0AA422006593D9 /* XCRemoteSwiftPackageReference "firebase-ios-sdk" */ = {
			isa = XCRemoteSwiftPackageReference;
			repositoryURL = "https://github.com/firebase/firebase-ios-sdk";
			requirement = {
				kind = upToNextMajorVersion;
				minimumVersion = 10.0.0;
			};
		};
/* End XCRemoteSwiftPackageReference section */

/* Begin XCSwiftPackageProductDependency section */
		2150934029DEF1A40001C788 /* Alamofire */ = {
			isa = XCSwiftPackageProductDependency;
			package = 2150933F29DEF1A40001C788 /* XCRemoteSwiftPackageReference "Alamofire" */;
			productName = Alamofire;
		};
		21FAE1D72A0AA422006593D9 /* FirebaseAnalytics */ = {
			isa = XCSwiftPackageProductDependency;
			package = 21FAE1D62A0AA422006593D9 /* XCRemoteSwiftPackageReference "firebase-ios-sdk" */;
			productName = FirebaseAnalytics;
		};
		21FAE1D92A0AA422006593D9 /* FirebaseAuth */ = {
			isa = XCSwiftPackageProductDependency;
			package = 21FAE1D62A0AA422006593D9 /* XCRemoteSwiftPackageReference "firebase-ios-sdk" */;
			productName = FirebaseAuth;
		};
/* End XCSwiftPackageProductDependency section */
	};
	rootObject = 2140BC4829D1CEB900B78C6C /* Project object */;
}
